// !$*UTF8*$!
{
	archiveVersion = 1;
	classes = {
	};
	objectVersion = 50;
	objects = {

/* Begin PBXBuildFile section */
		0513A9A9255163A700248435 /* PDFViewerApp.swift in Sources */ = {isa = PBXBuildFile; fileRef = 0513A9A8255163A700248435 /* PDFViewerApp.swift */; };
		0513A9AB255163A700248435 /* ContentView.swift in Sources */ = {isa = PBXBuildFile; fileRef = 0513A9AA255163A700248435 /* ContentView.swift */; };
		0513A9AD255163A800248435 /* Assets.xcassets in Resources */ = {isa = PBXBuildFile; fileRef = 0513A9AC255163A800248435 /* Assets.xcassets */; };
		0513A9B0255163A800248435 /* Preview Assets.xcassets in Resources */ = {isa = PBXBuildFile; fileRef = 0513A9AF255163A800248435 /* Preview Assets.xcassets */; };
		0513A9BB255163A800248435 /* PDFViewerTests.swift in Sources */ = {isa = PBXBuildFile; fileRef = 0513A9BA255163A800248435 /* PDFViewerTests.swift */; };
		0513A9C6255163A800248435 /* PDFViewerUITests.swift in Sources */ = {isa = PBXBuildFile; fileRef = 0513A9C5255163A800248435 /* PDFViewerUITests.swift */; };
		05F830BF25561E2F001EC7B5 /* PDFKit.framework in Frameworks */ = {isa = PBXBuildFile; fileRef = 05F830BE25561E2F001EC7B5 /* PDFKit.framework */; };
		05F830C125561EB5001EC7B5 /* Oz was Wizard - Original Soundtrack.pdf in Resources */ = {isa = PBXBuildFile; fileRef = 05F830C025561EB5001EC7B5 /* Oz was Wizard - Original Soundtrack.pdf */; };
/* End PBXBuildFile section */

/* Begin PBXContainerItemProxy section */
		0513A9B7255163A800248435 /* PBXContainerItemProxy */ = {
			isa = PBXContainerItemProxy;
			containerPortal = 0513A99D255163A700248435 /* Project object */;
			proxyType = 1;
			remoteGlobalIDString = 0513A9A4255163A700248435;
			remoteInfo = PDFViewer;
		};
		0513A9C2255163A800248435 /* PBXContainerItemProxy */ = {
			isa = PBXContainerItemProxy;
			containerPortal = 0513A99D255163A700248435 /* Project object */;
			proxyType = 1;
			remoteGlobalIDString = 0513A9A4255163A700248435;
			remoteInfo = PDFViewer;
		};
/* End PBXContainerItemProxy section */

/* Begin PBXFileReference section */
		0513A9A5255163A700248435 /* PDFViewer.app */ = {isa = PBXFileReference; explicitFileType = wrapper.application; includeInIndex = 0; path = PDFViewer.app; sourceTree = BUILT_PRODUCTS_DIR; };
		0513A9A8255163A700248435 /* PDFViewerApp.swift */ = {isa = PBXFileReference; lastKnownFileType = sourcecode.swift; path = PDFViewerApp.swift; sourceTree = "<group>"; };
		0513A9AA255163A700248435 /* ContentView.swift */ = {isa = PBXFileReference; lastKnownFileType = sourcecode.swift; path = ContentView.swift; sourceTree = "<group>"; };
		0513A9AC255163A800248435 /* Assets.xcassets */ = {isa = PBXFileReference; lastKnownFileType = folder.assetcatalog; path = Assets.xcassets; sourceTree = "<group>"; };
		0513A9AF255163A800248435 /* Preview Assets.xcassets */ = {isa = PBXFileReference; lastKnownFileType = folder.assetcatalog; path = "Preview Assets.xcassets"; sourceTree = "<group>"; };
		0513A9B1255163A800248435 /* Info.plist */ = {isa = PBXFileReference; lastKnownFileType = text.plist.xml; path = Info.plist; sourceTree = "<group>"; };
		0513A9B6255163A800248435 /* PDFViewerTests.xctest */ = {isa = PBXFileReference; explicitFileType = wrapper.cfbundle; includeInIndex = 0; path = PDFViewerTests.xctest; sourceTree = BUILT_PRODUCTS_DIR; };
		0513A9BA255163A800248435 /* PDFViewerTests.swift */ = {isa = PBXFileReference; lastKnownFileType = sourcecode.swift; path = PDFViewerTests.swift; sourceTree = "<group>"; };
		0513A9BC255163A800248435 /* Info.plist */ = {isa = PBXFileReference; lastKnownFileType = text.plist.xml; path = Info.plist; sourceTree = "<group>"; };
		0513A9C1255163A800248435 /* PDFViewerUITests.xctest */ = {isa = PBXFileReference; explicitFileType = wrapper.cfbundle; includeInIndex = 0; path = PDFViewerUITests.xctest; sourceTree = BUILT_PRODUCTS_DIR; };
		0513A9C5255163A800248435 /* PDFViewerUITests.swift */ = {isa = PBXFileReference; lastKnownFileType = sourcecode.swift; path = PDFViewerUITests.swift; sourceTree = "<group>"; };
		0513A9C7255163A800248435 /* Info.plist */ = {isa = PBXFileReference; lastKnownFileType = text.plist.xml; path = Info.plist; sourceTree = "<group>"; };
		05F830BE25561E2F001EC7B5 /* PDFKit.framework */ = {isa = PBXFileReference; lastKnownFileType = wrapper.framework; name = PDFKit.framework; path = System/Library/Frameworks/PDFKit.framework; sourceTree = SDKROOT; };
		05F830C025561EB5001EC7B5 /* Oz was Wizard - Original Soundtrack.pdf */ = {isa = PBXFileReference; lastKnownFileType = image.pdf; path = "Oz was Wizard - Original Soundtrack.pdf"; sourceTree = "<group>"; };
/* End PBXFileReference section */

/* Begin PBXFrameworksBuildPhase section */
		0513A9A2255163A700248435 /* Frameworks */ = {
			isa = PBXFrameworksBuildPhase;
			buildActionMask = 2147483647;
			files = (
				05F830BF25561E2F001EC7B5 /* PDFKit.framework in Frameworks */,
			);
			runOnlyForDeploymentPostprocessing = 0;
		};
		0513A9B3255163A800248435 /* Frameworks */ = {
			isa = PBXFrameworksBuildPhase;
			buildActionMask = 2147483647;
			files = (
			);
			runOnlyForDeploymentPostprocessing = 0;
		};
		0513A9BE255163A800248435 /* Frameworks */ = {
			isa = PBXFrameworksBuildPhase;
			buildActionMask = 2147483647;
			files = (
			);
			runOnlyForDeploymentPostprocessing = 0;
		};
/* End PBXFrameworksBuildPhase section */

/* Begin PBXGroup section */
		0513A99C255163A700248435 = {
			isa = PBXGroup;
			children = (
				05F830C025561EB5001EC7B5 /* Oz was Wizard - Original Soundtrack.pdf */,
				0513A9A7255163A700248435 /* PDFViewer */,
				0513A9B9255163A800248435 /* PDFViewerTests */,
				0513A9C4255163A800248435 /* PDFViewerUITests */,
				0513A9A6255163A700248435 /* Products */,
				05F830BD25561E2F001EC7B5 /* Frameworks */,
			);
			sourceTree = "<group>";
		};
		0513A9A6255163A700248435 /* Products */ = {
			isa = PBXGroup;
			children = (
				0513A9A5255163A700248435 /* PDFViewer.app */,
				0513A9B6255163A800248435 /* PDFViewerTests.xctest */,
				0513A9C1255163A800248435 /* PDFViewerUITests.xctest */,
			);
			name = Products;
			sourceTree = "<group>";
		};
		0513A9A7255163A700248435 /* PDFViewer */ = {
			isa = PBXGroup;
			children = (
				0513A9A8255163A700248435 /* PDFViewerApp.swift */,
				0513A9AA255163A700248435 /* ContentView.swift */,
				0513A9AC255163A800248435 /* Assets.xcassets */,
				0513A9B1255163A800248435 /* Info.plist */,
				0513A9AE255163A800248435 /* Preview Content */,
			);
			path = PDFViewer;
			sourceTree = "<group>";
		};
		0513A9AE255163A800248435 /* Preview Content */ = {
			isa = PBXGroup;
			children = (
				0513A9AF255163A800248435 /* Preview Assets.xcassets */,
			);
			path = "Preview Content";
			sourceTree = "<group>";
		};
		0513A9B9255163A800248435 /* PDFViewerTests */ = {
			isa = PBXGroup;
			children = (
				0513A9BA255163A800248435 /* PDFViewerTests.swift */,
				0513A9BC255163A800248435 /* Info.plist */,
			);
			path = PDFViewerTests;
			sourceTree = "<group>";
		};
		0513A9C4255163A800248435 /* PDFViewerUITests */ = {
			isa = PBXGroup;
			children = (
				0513A9C5255163A800248435 /* PDFViewerUITests.swift */,
				0513A9C7255163A800248435 /* Info.plist */,
			);
			path = PDFViewerUITests;
			sourceTree = "<group>";
		};
		05F830BD25561E2F001EC7B5 /* Frameworks */ = {
			isa = PBXGroup;
			children = (
				05F830BE25561E2F001EC7B5 /* PDFKit.framework */,
			);
			name = Frameworks;
			sourceTree = "<group>";
		};
/* End PBXGroup section */

/* Begin PBXNativeTarget section */
		0513A9A4255163A700248435 /* PDFViewer */ = {
			isa = PBXNativeTarget;
			buildConfigurationList = 0513A9CA255163A800248435 /* Build configuration list for PBXNativeTarget "PDFViewer" */;
			buildPhases = (
				0513A9A1255163A700248435 /* Sources */,
				0513A9A2255163A700248435 /* Frameworks */,
				0513A9A3255163A700248435 /* Resources */,
			);
			buildRules = (
			);
			dependencies = (
			);
			name = PDFViewer;
			productName = PDFViewer;
			productReference = 0513A9A5255163A700248435 /* PDFViewer.app */;
			productType = "com.apple.product-type.application";
		};
		0513A9B5255163A800248435 /* PDFViewerTests */ = {
			isa = PBXNativeTarget;
			buildConfigurationList = 0513A9CD255163A800248435 /* Build configuration list for PBXNativeTarget "PDFViewerTests" */;
			buildPhases = (
				0513A9B2255163A800248435 /* Sources */,
				0513A9B3255163A800248435 /* Frameworks */,
				0513A9B4255163A800248435 /* Resources */,
			);
			buildRules = (
			);
			dependencies = (
				0513A9B8255163A800248435 /* PBXTargetDependency */,
			);
			name = PDFViewerTests;
			productName = PDFViewerTests;
			productReference = 0513A9B6255163A800248435 /* PDFViewerTests.xctest */;
			productType = "com.apple.product-type.bundle.unit-test";
		};
		0513A9C0255163A800248435 /* PDFViewerUITests */ = {
			isa = PBXNativeTarget;
			buildConfigurationList = 0513A9D0255163A800248435 /* Build configuration list for PBXNativeTarget "PDFViewerUITests" */;
			buildPhases = (
				0513A9BD255163A800248435 /* Sources */,
				0513A9BE255163A800248435 /* Frameworks */,
				0513A9BF255163A800248435 /* Resources */,
			);
			buildRules = (
			);
			dependencies = (
				0513A9C3255163A800248435 /* PBXTargetDependency */,
			);
			name = PDFViewerUITests;
			productName = PDFViewerUITests;
			productReference = 0513A9C1255163A800248435 /* PDFViewerUITests.xctest */;
			productType = "com.apple.product-type.bundle.ui-testing";
		};
/* End PBXNativeTarget section */

/* Begin PBXProject section */
		0513A99D255163A700248435 /* Project object */ = {
			isa = PBXProject;
			attributes = {
				LastSwiftUpdateCheck = 1210;
				LastUpgradeCheck = 1210;
				TargetAttributes = {
					0513A9A4255163A700248435 = {
						CreatedOnToolsVersion = 12.1;
					};
					0513A9B5255163A800248435 = {
						CreatedOnToolsVersion = 12.1;
						TestTargetID = 0513A9A4255163A700248435;
					};
					0513A9C0255163A800248435 = {
						CreatedOnToolsVersion = 12.1;
						TestTargetID = 0513A9A4255163A700248435;
					};
				};
			};
			buildConfigurationList = 0513A9A0255163A700248435 /* Build configuration list for PBXProject "PDFViewer" */;
			compatibilityVersion = "Xcode 9.3";
			developmentRegion = en;
			hasScannedForEncodings = 0;
			knownRegions = (
				en,
				Base,
			);
			mainGroup = 0513A99C255163A700248435;
			productRefGroup = 0513A9A6255163A700248435 /* Products */;
			projectDirPath = "";
			projectRoot = "";
			targets = (
				0513A9A4255163A700248435 /* PDFViewer */,
				0513A9B5255163A800248435 /* PDFViewerTests */,
				0513A9C0255163A800248435 /* PDFViewerUITests */,
			);
		};
/* End PBXProject section */

/* Begin PBXResourcesBuildPhase section */
		0513A9A3255163A700248435 /* Resources */ = {
			isa = PBXResourcesBuildPhase;
			buildActionMask = 2147483647;
			files = (
				05F830C125561EB5001EC7B5 /* Oz was Wizard - Original Soundtrack.pdf in Resources */,
				0513A9B0255163A800248435 /* Preview Assets.xcassets in Resources */,
				0513A9AD255163A800248435 /* Assets.xcassets in Resources */,
			);
			runOnlyForDeploymentPostprocessing = 0;
		};
		0513A9B4255163A800248435 /* Resources */ = {
			isa = PBXResourcesBuildPhase;
			buildActionMask = 2147483647;
			files = (
			);
			runOnlyForDeploymentPostprocessing = 0;
		};
		0513A9BF255163A800248435 /* Resources */ = {
			isa = PBXResourcesBuildPhase;
			buildActionMask = 2147483647;
			files = (
			);
			runOnlyForDeploymentPostprocessing = 0;
		};
/* End PBXResourcesBuildPhase section */

/* Begin PBXSourcesBuildPhase section */
		0513A9A1255163A700248435 /* Sources */ = {
			isa = PBXSourcesBuildPhase;
			buildActionMask = 2147483647;
			files = (
				0513A9AB255163A700248435 /* ContentView.swift in Sources */,
				0513A9A9255163A700248435 /* PDFViewerApp.swift in Sources */,
			);
			runOnlyForDeploymentPostprocessing = 0;
		};
		0513A9B2255163A800248435 /* Sources */ = {
			isa = PBXSourcesBuildPhase;
			buildActionMask = 2147483647;
			files = (
				0513A9BB255163A800248435 /* PDFViewerTests.swift in Sources */,
			);
			runOnlyForDeploymentPostprocessing = 0;
		};
		0513A9BD255163A800248435 /* Sources */ = {
			isa = PBXSourcesBuildPhase;
			buildActionMask = 2147483647;
			files = (
				0513A9C6255163A800248435 /* PDFViewerUITests.swift in Sources */,
			);
			runOnlyForDeploymentPostprocessing = 0;
		};
/* End PBXSourcesBuildPhase section */

/* Begin PBXTargetDependency section */
		0513A9B8255163A800248435 /* PBXTargetDependency */ = {
			isa = PBXTargetDependency;
			target = 0513A9A4255163A700248435 /* PDFViewer */;
			targetProxy = 0513A9B7255163A800248435 /* PBXContainerItemProxy */;
		};
		0513A9C3255163A800248435 /* PBXTargetDependency */ = {
			isa = PBXTargetDependency;
			target = 0513A9A4255163A700248435 /* PDFViewer */;
			targetProxy = 0513A9C2255163A800248435 /* PBXContainerItemProxy */;
		};
/* End PBXTargetDependency section */

/* Begin XCBuildConfiguration section */
		0513A9C8255163A800248435 /* Debug */ = {
			isa = XCBuildConfiguration;
			buildSettings = {
				ALWAYS_SEARCH_USER_PATHS = NO;
				CLANG_ANALYZER_NONNULL = YES;
				CLANG_ANALYZER_NUMBER_OBJECT_CONVERSION = YES_AGGRESSIVE;
				CLANG_CXX_LANGUAGE_STANDARD = "gnu++14";
				CLANG_CXX_LIBRARY = "libc++";
				CLANG_ENABLE_MODULES = YES;
				CLANG_ENABLE_OBJC_ARC = YES;
				CLANG_ENABLE_OBJC_WEAK = YES;
				CLANG_WARN_BLOCK_CAPTURE_AUTORELEASING = YES;
				CLANG_WARN_BOOL_CONVERSION = YES;
				CLANG_WARN_COMMA = YES;
				CLANG_WARN_CONSTANT_CONVERSION = YES;
				CLANG_WARN_DEPRECATED_OBJC_IMPLEMENTATIONS = YES;
				CLANG_WARN_DIRECT_OBJC_ISA_USAGE = YES_ERROR;
				CLANG_WARN_DOCUMENTATION_COMMENTS = YES;
				CLANG_WARN_EMPTY_BODY = YES;
				CLANG_WARN_ENUM_CONVERSION = YES;
				CLANG_WARN_INFINITE_RECURSION = YES;
				CLANG_WARN_INT_CONVERSION = YES;
				CLANG_WARN_NON_LITERAL_NULL_CONVERSION = YES;
				CLANG_WARN_OBJC_IMPLICIT_RETAIN_SELF = YES;
				CLANG_WARN_OBJC_LITERAL_CONVERSION = YES;
				CLANG_WARN_OBJC_ROOT_CLASS = YES_ERROR;
				CLANG_WARN_QUOTED_INCLUDE_IN_FRAMEWORK_HEADER = YES;
				CLANG_WARN_RANGE_LOOP_ANALYSIS = YES;
				CLANG_WARN_STRICT_PROTOTYPES = YES;
				CLANG_WARN_SUSPICIOUS_MOVE = YES;
				CLANG_WARN_UNGUARDED_AVAILABILITY = YES_AGGRESSIVE;
				CLANG_WARN_UNREACHABLE_CODE = YES;
				CLANG_WARN__DUPLICATE_METHOD_MATCH = YES;
				COPY_PHASE_STRIP = NO;
				DEBUG_INFORMATION_FORMAT = dwarf;
				ENABLE_STRICT_OBJC_MSGSEND = YES;
				ENABLE_TESTABILITY = YES;
				GCC_C_LANGUAGE_STANDARD = gnu11;
				GCC_DYNAMIC_NO_PIC = NO;
				GCC_NO_COMMON_BLOCKS = YES;
				GCC_OPTIMIZATION_LEVEL = 0;
				GCC_PREPROCESSOR_DEFINITIONS = (
					"DEBUG=1",
					"$(inherited)",
				);
				GCC_WARN_64_TO_32_BIT_CONVERSION = YES;
				GCC_WARN_ABOUT_RETURN_TYPE = YES_ERROR;
				GCC_WARN_UNDECLARED_SELECTOR = YES;
				GCC_WARN_UNINITIALIZED_AUTOS = YES_AGGRESSIVE;
				GCC_WARN_UNUSED_FUNCTION = YES;
				GCC_WARN_UNUSED_VARIABLE = YES;
				IPHONEOS_DEPLOYMENT_TARGET = 14.1;
				MTL_ENABLE_DEBUG_INFO = INCLUDE_SOURCE;
				MTL_FAST_MATH = YES;
				ONLY_ACTIVE_ARCH = YES;
				SDKROOT = iphoneos;
				SWIFT_ACTIVE_COMPILATION_CONDITIONS = DEBUG;
				SWIFT_OPTIMIZATION_LEVEL = "-Onone";
			};
			name = Debug;
		};
		0513A9C9255163A800248435 /* Release */ = {
			isa = XCBuildConfiguration;
			buildSettings = {
				ALWAYS_SEARCH_USER_PATHS = NO;
				CLANG_ANALYZER_NONNULL = YES;
				CLANG_ANALYZER_NUMBER_OBJECT_CONVERSION = YES_AGGRESSIVE;
				CLANG_CXX_LANGUAGE_STANDARD = "gnu++14";
				CLANG_CXX_LIBRARY = "libc++";
				CLANG_ENABLE_MODULES = YES;
				CLANG_ENABLE_OBJC_ARC = YES;
				CLANG_ENABLE_OBJC_WEAK = YES;
				CLANG_WARN_BLOCK_CAPTURE_AUTORELEASING = YES;
				CLANG_WARN_BOOL_CONVERSION = YES;
				CLANG_WARN_COMMA = YES;
				CLANG_WARN_CONSTANT_CONVERSION = YES;
				CLANG_WARN_DEPRECATED_OBJC_IMPLEMENTATIONS = YES;
				CLANG_WARN_DIRECT_OBJC_ISA_USAGE = YES_ERROR;
				CLANG_WARN_DOCUMENTATION_COMMENTS = YES;
				CLANG_WARN_EMPTY_BODY = YES;
				CLANG_WARN_ENUM_CONVERSION = YES;
				CLANG_WARN_INFINITE_RECURSION = YES;
				CLANG_WARN_INT_CONVERSION = YES;
				CLANG_WARN_NON_LITERAL_NULL_CONVERSION = YES;
				CLANG_WARN_OBJC_IMPLICIT_RETAIN_SELF = YES;
				CLANG_WARN_OBJC_LITERAL_CONVERSION = YES;
				CLANG_WARN_OBJC_ROOT_CLASS = YES_ERROR;
				CLANG_WARN_QUOTED_INCLUDE_IN_FRAMEWORK_HEADER = YES;
				CLANG_WARN_RANGE_LOOP_ANALYSIS = YES;
				CLANG_WARN_STRICT_PROTOTYPES = YES;
				CLANG_WARN_SUSPICIOUS_MOVE = YES;
				CLANG_WARN_UNGUARDED_AVAILABILITY = YES_AGGRESSIVE;
				CLANG_WARN_UNREACHABLE_CODE = YES;
				CLANG_WARN__DUPLICATE_METHOD_MATCH = YES;
				COPY_PHASE_STRIP = NO;
				DEBUG_INFORMATION_FORMAT = "dwarf-with-dsym";
				ENABLE_NS_ASSERTIONS = NO;
				ENABLE_STRICT_OBJC_MSGSEND = YES;
				GCC_C_LANGUAGE_STANDARD = gnu11;
				GCC_NO_COMMON_BLOCKS = YES;
				GCC_WARN_64_TO_32_BIT_CONVERSION = YES;
				GCC_WARN_ABOUT_RETURN_TYPE = YES_ERROR;
				GCC_WARN_UNDECLARED_SELECTOR = YES;
				GCC_WARN_UNINITIALIZED_AUTOS = YES_AGGRESSIVE;
				GCC_WARN_UNUSED_FUNCTION = YES;
				GCC_WARN_UNUSED_VARIABLE = YES;
				IPHONEOS_DEPLOYMENT_TARGET = 14.1;
				MTL_ENABLE_DEBUG_INFO = NO;
				MTL_FAST_MATH = YES;
				SDKROOT = iphoneos;
				SWIFT_COMPILATION_MODE = wholemodule;
				SWIFT_OPTIMIZATION_LEVEL = "-O";
				VALIDATE_PRODUCT = YES;
			};
			name = Release;
		};
		0513A9CB255163A800248435 /* Debug */ = {
			isa = XCBuildConfiguration;
			buildSettings = {
				ASSETCATALOG_COMPILER_APPICON_NAME = AppIcon;
				ASSETCATALOG_COMPILER_GLOBAL_ACCENT_COLOR_NAME = AccentColor;
				CODE_SIGN_STYLE = Automatic;
				DEVELOPMENT_ASSET_PATHS = "\"PDFViewer/Preview Content\"";
				DEVELOPMENT_TEAM = ZWULF5LA37;
				ENABLE_PREVIEWS = YES;
				INFOPLIST_FILE = PDFViewer/Info.plist;
				IPHONEOS_DEPLOYMENT_TARGET = 14.0;
				LD_RUNPATH_SEARCH_PATHS = (
					"$(inherited)",
					"@executable_path/Frameworks",
				);
				PRODUCT_BUNDLE_IDENTIFIER = com.signalcompose.PDFViewer;
				PRODUCT_NAME = "$(TARGET_NAME)";
				SWIFT_VERSION = 5.0;
				TARGETED_DEVICE_FAMILY = "1,2";
			};
			name = Debug;
		};
		0513A9CC255163A800248435 /* Release */ = {
			isa = XCBuildConfiguration;
			buildSettings = {
				ASSETCATALOG_COMPILER_APPICON_NAME = AppIcon;
				ASSETCATALOG_COMPILER_GLOBAL_ACCENT_COLOR_NAME = AccentColor;
				CODE_SIGN_STYLE = Automatic;
				DEVELOPMENT_ASSET_PATHS = "\"PDFViewer/Preview Content\"";
				DEVELOPMENT_TEAM = ZWULF5LA37;
				ENABLE_PREVIEWS = YES;
				INFOPLIST_FILE = PDFViewer/Info.plist;
				IPHONEOS_DEPLOYMENT_TARGET = 14.0;
				LD_RUNPATH_SEARCH_PATHS = (
					"$(inherited)",
					"@executable_path/Frameworks",
				);
				PRODUCT_BUNDLE_IDENTIFIER = com.signalcompose.PDFViewer;
				PRODUCT_NAME = "$(TARGET_NAME)";
				SWIFT_VERSION = 5.0;
				TARGETED_DEVICE_FAMILY = "1,2";
			};
			name = Release;
		};
		0513A9CE255163A800248435 /* Debug */ = {
			isa = XCBuildConfiguration;
			buildSettings = {
				ALWAYS_EMBED_SWIFT_STANDARD_LIBRARIES = YES;
				BUNDLE_LOADER = "$(TEST_HOST)";
				CODE_SIGN_STYLE = Automatic;
				DEVELOPMENT_TEAM = ZWULF5LA37;
				INFOPLIST_FILE = PDFViewerTests/Info.plist;
				IPHONEOS_DEPLOYMENT_TARGET = 14.0;
				LD_RUNPATH_SEARCH_PATHS = (
					"$(inherited)",
					"@executable_path/Frameworks",
					"@loader_path/Frameworks",
				);
				PRODUCT_BUNDLE_IDENTIFIER = com.signalcompose.PDFViewerTests;
				PRODUCT_NAME = "$(TARGET_NAME)";
				SWIFT_VERSION = 5.0;
				TARGETED_DEVICE_FAMILY = "1,2";
				TEST_HOST = "$(BUILT_PRODUCTS_DIR)/PDFViewer.app/PDFViewer";
			};
			name = Debug;
		};
		0513A9CF255163A800248435 /* Release */ = {
			isa = XCBuildConfiguration;
			buildSettings = {
				ALWAYS_EMBED_SWIFT_STANDARD_LIBRARIES = YES;
				BUNDLE_LOADER = "$(TEST_HOST)";
				CODE_SIGN_STYLE = Automatic;
				DEVELOPMENT_TEAM = ZWULF5LA37;
				INFOPLIST_FILE = PDFViewerTests/Info.plist;
				IPHONEOS_DEPLOYMENT_TARGET = 14.0;
				LD_RUNPATH_SEARCH_PATHS = (
					"$(inherited)",
					"@executable_path/Frameworks",
					"@loader_path/Frameworks",
				);
				PRODUCT_BUNDLE_IDENTIFIER = com.signalcompose.PDFViewerTests;
				PRODUCT_NAME = "$(TARGET_NAME)";
				SWIFT_VERSION = 5.0;
				TARGETED_DEVICE_FAMILY = "1,2";
				TEST_HOST = "$(BUILT_PRODUCTS_DIR)/PDFViewer.app/PDFViewer";
			};
			name = Release;
		};
		0513A9D1255163A800248435 /* Debug */ = {
			isa = XCBuildConfiguration;
			buildSettings = {
				ALWAYS_EMBED_SWIFT_STANDARD_LIBRARIES = YES;
				CODE_SIGN_STYLE = Automatic;
				DEVELOPMENT_TEAM = ZWULF5LA37;
				INFOPLIST_FILE = PDFViewerUITests/Info.plist;
				LD_RUNPATH_SEARCH_PATHS = (
					"$(inherited)",
					"@executable_path/Frameworks",
					"@loader_path/Frameworks",
				);
				PRODUCT_BUNDLE_IDENTIFIER = com.signalcompose.PDFViewerUITests;
				PRODUCT_NAME = "$(TARGET_NAME)";
				SWIFT_VERSION = 5.0;
				TARGETED_DEVICE_FAMILY = "1,2";
				TEST_TARGET_NAME = PDFViewer;
			};
			name = Debug;
		};
		0513A9D2255163A800248435 /* Release */ = {
			isa = XCBuildConfiguration;
			buildSettings = {
				ALWAYS_EMBED_SWIFT_STANDARD_LIBRARIES = YES;
				CODE_SIGN_STYLE = Automatic;
				DEVELOPMENT_TEAM = ZWULF5LA37;
				INFOPLIST_FILE = PDFViewerUITests/Info.plist;
				LD_RUNPATH_SEARCH_PATHS = (
					"$(inherited)",
					"@executable_path/Frameworks",
					"@loader_path/Frameworks",
				);
				PRODUCT_BUNDLE_IDENTIFIER = com.signalcompose.PDFViewerUITests;
				PRODUCT_NAME = "$(TARGET_NAME)";
				SWIFT_VERSION = 5.0;
				TARGETED_DEVICE_FAMILY = "1,2";
				TEST_TARGET_NAME = PDFViewer;
			};
			name = Release;
		};
/* End XCBuildConfiguration section */

/* Begin XCConfigurationList section */
		0513A9A0255163A700248435 /* Build configuration list for PBXProject "PDFViewer" */ = {
			isa = XCConfigurationList;
			buildConfigurations = (
				0513A9C8255163A800248435 /* Debug */,
				0513A9C9255163A800248435 /* Release */,
			);
			defaultConfigurationIsVisible = 0;
			defaultConfigurationName = Release;
		};
		0513A9CA255163A800248435 /* Build configuration list for PBXNativeTarget "PDFViewer" */ = {
			isa = XCConfigurationList;
			buildConfigurations = (
				0513A9CB255163A800248435 /* Debug */,
				0513A9CC255163A800248435 /* Release */,
			);
			defaultConfigurationIsVisible = 0;
			defaultConfigurationName = Release;
		};
		0513A9CD255163A800248435 /* Build configuration list for PBXNativeTarget "PDFViewerTests" */ = {
			isa = XCConfigurationList;
			buildConfigurations = (
				0513A9CE255163A800248435 /* Debug */,
				0513A9CF255163A800248435 /* Release */,
			);
			defaultConfigurationIsVisible = 0;
			defaultConfigurationName = Release;
		};
		0513A9D0255163A800248435 /* Build configuration list for PBXNativeTarget "PDFViewerUITests" */ = {
			isa = XCConfigurationList;
			buildConfigurations = (
				0513A9D1255163A800248435 /* Debug */,
				0513A9D2255163A800248435 /* Release */,
			);
			defaultConfigurationIsVisible = 0;
			defaultConfigurationName = Release;
		};
/* End XCConfigurationList section */
	};
	rootObject = 0513A99D255163A700248435 /* Project object */;
}
